// !$*UTF8*$!
{
	archiveVersion = 1;
	classes = {
	};
	objectVersion = 46;
	objects = {

/* Begin PBXBuildFile section */
		4B889E791C4AB2C900587BAA /* Coffee_Companion.xcdatamodeld in Sources */ = {isa = PBXBuildFile; fileRef = 4B889E771C4AB2C900587BAA /* Coffee_Companion.xcdatamodeld */; };
		4BB132BB1C314A8A0040C5B6 /* AppDelegate.swift in Sources */ = {isa = PBXBuildFile; fileRef = 4BB132BA1C314A8A0040C5B6 /* AppDelegate.swift */; };
		4BB132BD1C314A8A0040C5B6 /* ViewController.swift in Sources */ = {isa = PBXBuildFile; fileRef = 4BB132BC1C314A8A0040C5B6 /* ViewController.swift */; };
		4BB132C01C314A8A0040C5B6 /* Main.storyboard in Resources */ = {isa = PBXBuildFile; fileRef = 4BB132BE1C314A8A0040C5B6 /* Main.storyboard */; };
		4BB132C21C314A8A0040C5B6 /* Assets.xcassets in Resources */ = {isa = PBXBuildFile; fileRef = 4BB132C11C314A8A0040C5B6 /* Assets.xcassets */; };
		4BB132C51C314A8A0040C5B6 /* LaunchScreen.storyboard in Resources */ = {isa = PBXBuildFile; fileRef = 4BB132C31C314A8A0040C5B6 /* LaunchScreen.storyboard */; };
		4BB132D01C314A8B0040C5B6 /* Coffee_CompanionTests.swift in Sources */ = {isa = PBXBuildFile; fileRef = 4BB132CF1C314A8B0040C5B6 /* Coffee_CompanionTests.swift */; };
		4BB132DB1C314A8B0040C5B6 /* Coffee_CompanionUITests.swift in Sources */ = {isa = PBXBuildFile; fileRef = 4BB132DA1C314A8B0040C5B6 /* Coffee_CompanionUITests.swift */; };
		4BB132E91C32D1BC0040C5B6 /* Model.swift in Sources */ = {isa = PBXBuildFile; fileRef = 4BB132E81C32D1BC0040C5B6 /* Model.swift */; };
		4BE0735F1C36F78C00CFDCC9 /* Arpeggio.png in Resources */ = {isa = PBXBuildFile; fileRef = 4BE0735A1C36F78C00CFDCC9 /* Arpeggio.png */; };
		4BE073601C36F78C00CFDCC9 /* Dharkan.png in Resources */ = {isa = PBXBuildFile; fileRef = 4BE0735B1C36F78C00CFDCC9 /* Dharkan.png */; };
		4BE073611C36F78C00CFDCC9 /* Kazaar.png in Resources */ = {isa = PBXBuildFile; fileRef = 4BE0735C1C36F78C00CFDCC9 /* Kazaar.png */; };
		4BE073621C36F78C00CFDCC9 /* Ristretto.png in Resources */ = {isa = PBXBuildFile; fileRef = 4BE0735D1C36F78C00CFDCC9 /* Ristretto.png */; };
		4BE073631C36F78C00CFDCC9 /* Roma.png in Resources */ = {isa = PBXBuildFile; fileRef = 4BE0735E1C36F78C00CFDCC9 /* Roma.png */; };
		4BE073681C36F7A500CFDCC9 /* Capriccio.png in Resources */ = {isa = PBXBuildFile; fileRef = 4BE073641C36F7A500CFDCC9 /* Capriccio.png */; };
		4BE073691C36F7A500CFDCC9 /* Cosi.png in Resources */ = {isa = PBXBuildFile; fileRef = 4BE073651C36F7A500CFDCC9 /* Cosi.png */; };
		4BE0736A1C36F7A500CFDCC9 /* Livanto.png in Resources */ = {isa = PBXBuildFile; fileRef = 4BE073661C36F7A500CFDCC9 /* Livanto.png */; };
		4BE0736B1C36F7A500CFDCC9 /* Volluto.png in Resources */ = {isa = PBXBuildFile; fileRef = 4BE073671C36F7A500CFDCC9 /* Volluto.png */; };
		4BE073701C36F7B400CFDCC9 /* Bukeela ka Ethiopia.png in Resources */ = {isa = PBXBuildFile; fileRef = 4BE0736C1C36F7B400CFDCC9 /* Bukeela ka Ethiopia.png */; };
		4BE073711C36F7B400CFDCC9 /* Dulsao do Brasil.png in Resources */ = {isa = PBXBuildFile; fileRef = 4BE0736D1C36F7B400CFDCC9 /* Dulsao do Brasil.png */; };
		4BE073721C36F7B400CFDCC9 /* Indriya from India.png in Resources */ = {isa = PBXBuildFile; fileRef = 4BE0736E1C36F7B400CFDCC9 /* Indriya from India.png */; };
		4BE073731C36F7B400CFDCC9 /* Rosabaya de Colombia.png in Resources */ = {isa = PBXBuildFile; fileRef = 4BE0736F1C36F7B400CFDCC9 /* Rosabaya de Colombia.png */; };
		4BE073771C36F7BE00CFDCC9 /* Fortissio Lungo.png in Resources */ = {isa = PBXBuildFile; fileRef = 4BE073741C36F7BE00CFDCC9 /* Fortissio Lungo.png */; };
		4BE073781C36F7BE00CFDCC9 /* Linizio Lungo.png in Resources */ = {isa = PBXBuildFile; fileRef = 4BE073751C36F7BE00CFDCC9 /* Linizio Lungo.png */; };
		4BE073791C36F7BE00CFDCC9 /* Vivalto Lungo.png in Resources */ = {isa = PBXBuildFile; fileRef = 4BE073761C36F7BE00CFDCC9 /* Vivalto Lungo.png */; };
		4BE0737E1C36F7C800CFDCC9 /* Decaffeinato Arpeggio.png in Resources */ = {isa = PBXBuildFile; fileRef = 4BE0737A1C36F7C800CFDCC9 /* Decaffeinato Arpeggio.png */; };
		4BE0737F1C36F7C800CFDCC9 /* Decaffeinato Intenso.png in Resources */ = {isa = PBXBuildFile; fileRef = 4BE0737B1C36F7C800CFDCC9 /* Decaffeinato Intenso.png */; };
		4BE073801C36F7C800CFDCC9 /* Decaffeinato Vivalto Lungo.png in Resources */ = {isa = PBXBuildFile; fileRef = 4BE0737C1C36F7C800CFDCC9 /* Decaffeinato Vivalto Lungo.png */; };
		4BE073811C36F7C800CFDCC9 /* Decaffeinato Volluto.png in Resources */ = {isa = PBXBuildFile; fileRef = 4BE0737D1C36F7C800CFDCC9 /* Decaffeinato Volluto.png */; };
		4BE073851C36F7D800CFDCC9 /* Caramelito.png in Resources */ = {isa = PBXBuildFile; fileRef = 4BE073821C36F7D800CFDCC9 /* Caramelito.png */; };
		4BE073861C36F7D800CFDCC9 /* Ciocattino.png in Resources */ = {isa = PBXBuildFile; fileRef = 4BE073831C36F7D800CFDCC9 /* Ciocattino.png */; };
		4BE073871C36F7D800CFDCC9 /* Vanilio.png in Resources */ = {isa = PBXBuildFile; fileRef = 4BE073841C36F7D800CFDCC9 /* Vanilio.png */; };
		4BE0738D1C37E68500CFDCC9 /* UIPickerViewController.swift in Sources */ = {isa = PBXBuildFile; fileRef = 4BE0738C1C37E68500CFDCC9 /* UIPickerViewController.swift */; };
/* End PBXBuildFile section */

/* Begin PBXContainerItemProxy section */
		4BB132CC1C314A8B0040C5B6 /* PBXContainerItemProxy */ = {
			isa = PBXContainerItemProxy;
			containerPortal = 4BB132AF1C314A8A0040C5B6 /* Project object */;
			proxyType = 1;
			remoteGlobalIDString = 4BB132B61C314A8A0040C5B6;
			remoteInfo = "Coffee Companion";
		};
		4BB132D71C314A8B0040C5B6 /* PBXContainerItemProxy */ = {
			isa = PBXContainerItemProxy;
			containerPortal = 4BB132AF1C314A8A0040C5B6 /* Project object */;
			proxyType = 1;
			remoteGlobalIDString = 4BB132B61C314A8A0040C5B6;
			remoteInfo = "Coffee Companion";
		};
/* End PBXContainerItemProxy section */

/* Begin PBXFileReference section */
		4B889E781C4AB2C900587BAA /* Coffee_Companion.xcdatamodel */ = {isa = PBXFileReference; lastKnownFileType = wrapper.xcdatamodel; path = Coffee_Companion.xcdatamodel; sourceTree = "<group>"; };
		4BB132B71C314A8A0040C5B6 /* Coffee Companion.app */ = {isa = PBXFileReference; explicitFileType = wrapper.application; includeInIndex = 0; path = "Coffee Companion.app"; sourceTree = BUILT_PRODUCTS_DIR; };
		4BB132BA1C314A8A0040C5B6 /* AppDelegate.swift */ = {isa = PBXFileReference; lastKnownFileType = sourcecode.swift; path = AppDelegate.swift; sourceTree = "<group>"; };
		4BB132BC1C314A8A0040C5B6 /* ViewController.swift */ = {isa = PBXFileReference; lastKnownFileType = sourcecode.swift; path = ViewController.swift; sourceTree = "<group>"; };
		4BB132BF1C314A8A0040C5B6 /* Base */ = {isa = PBXFileReference; lastKnownFileType = file.storyboard; name = Base; path = Base.lproj/Main.storyboard; sourceTree = "<group>"; };
		4BB132C11C314A8A0040C5B6 /* Assets.xcassets */ = {isa = PBXFileReference; lastKnownFileType = folder.assetcatalog; path = Assets.xcassets; sourceTree = "<group>"; };
		4BB132C41C314A8A0040C5B6 /* Base */ = {isa = PBXFileReference; lastKnownFileType = file.storyboard; name = Base; path = Base.lproj/LaunchScreen.storyboard; sourceTree = "<group>"; };
		4BB132C61C314A8A0040C5B6 /* Info.plist */ = {isa = PBXFileReference; lastKnownFileType = text.plist.xml; path = Info.plist; sourceTree = "<group>"; };
		4BB132CB1C314A8B0040C5B6 /* Coffee CompanionTests.xctest */ = {isa = PBXFileReference; explicitFileType = wrapper.cfbundle; includeInIndex = 0; path = "Coffee CompanionTests.xctest"; sourceTree = BUILT_PRODUCTS_DIR; };
		4BB132CF1C314A8B0040C5B6 /* Coffee_CompanionTests.swift */ = {isa = PBXFileReference; lastKnownFileType = sourcecode.swift; path = Coffee_CompanionTests.swift; sourceTree = "<group>"; };
		4BB132D11C314A8B0040C5B6 /* Info.plist */ = {isa = PBXFileReference; lastKnownFileType = text.plist.xml; path = Info.plist; sourceTree = "<group>"; };
		4BB132D61C314A8B0040C5B6 /* Coffee CompanionUITests.xctest */ = {isa = PBXFileReference; explicitFileType = wrapper.cfbundle; includeInIndex = 0; path = "Coffee CompanionUITests.xctest"; sourceTree = BUILT_PRODUCTS_DIR; };
		4BB132DA1C314A8B0040C5B6 /* Coffee_CompanionUITests.swift */ = {isa = PBXFileReference; lastKnownFileType = sourcecode.swift; path = Coffee_CompanionUITests.swift; sourceTree = "<group>"; };
		4BB132DC1C314A8B0040C5B6 /* Info.plist */ = {isa = PBXFileReference; lastKnownFileType = text.plist.xml; path = Info.plist; sourceTree = "<group>"; };
		4BB132E81C32D1BC0040C5B6 /* Model.swift */ = {isa = PBXFileReference; fileEncoding = 4; lastKnownFileType = sourcecode.swift; path = Model.swift; sourceTree = "<group>"; };
		4BE0735A1C36F78C00CFDCC9 /* Arpeggio.png */ = {isa = PBXFileReference; lastKnownFileType = image.png; path = Arpeggio.png; sourceTree = "<group>"; };
		4BE0735B1C36F78C00CFDCC9 /* Dharkan.png */ = {isa = PBXFileReference; lastKnownFileType = image.png; path = Dharkan.png; sourceTree = "<group>"; };
		4BE0735C1C36F78C00CFDCC9 /* Kazaar.png */ = {isa = PBXFileReference; lastKnownFileType = image.png; path = Kazaar.png; sourceTree = "<group>"; };
		4BE0735D1C36F78C00CFDCC9 /* Ristretto.png */ = {isa = PBXFileReference; lastKnownFileType = image.png; path = Ristretto.png; sourceTree = "<group>"; };
		4BE0735E1C36F78C00CFDCC9 /* Roma.png */ = {isa = PBXFileReference; lastKnownFileType = image.png; path = Roma.png; sourceTree = "<group>"; };
		4BE073641C36F7A500CFDCC9 /* Capriccio.png */ = {isa = PBXFileReference; lastKnownFileType = image.png; path = Capriccio.png; sourceTree = "<group>"; };
		4BE073651C36F7A500CFDCC9 /* Cosi.png */ = {isa = PBXFileReference; lastKnownFileType = image.png; path = Cosi.png; sourceTree = "<group>"; };
		4BE073661C36F7A500CFDCC9 /* Livanto.png */ = {isa = PBXFileReference; lastKnownFileType = image.png; path = Livanto.png; sourceTree = "<group>"; };
		4BE073671C36F7A500CFDCC9 /* Volluto.png */ = {isa = PBXFileReference; lastKnownFileType = image.png; path = Volluto.png; sourceTree = "<group>"; };
		4BE0736C1C36F7B400CFDCC9 /* Bukeela ka Ethiopia.png */ = {isa = PBXFileReference; lastKnownFileType = image.png; path = "Bukeela ka Ethiopia.png"; sourceTree = "<group>"; };
		4BE0736D1C36F7B400CFDCC9 /* Dulsao do Brasil.png */ = {isa = PBXFileReference; lastKnownFileType = image.png; path = "Dulsao do Brasil.png"; sourceTree = "<group>"; };
		4BE0736E1C36F7B400CFDCC9 /* Indriya from India.png */ = {isa = PBXFileReference; lastKnownFileType = image.png; path = "Indriya from India.png"; sourceTree = "<group>"; };
		4BE0736F1C36F7B400CFDCC9 /* Rosabaya de Colombia.png */ = {isa = PBXFileReference; lastKnownFileType = image.png; path = "Rosabaya de Colombia.png"; sourceTree = "<group>"; };
		4BE073741C36F7BE00CFDCC9 /* Fortissio Lungo.png */ = {isa = PBXFileReference; lastKnownFileType = image.png; path = "Fortissio Lungo.png"; sourceTree = "<group>"; };
		4BE073751C36F7BE00CFDCC9 /* Linizio Lungo.png */ = {isa = PBXFileReference; lastKnownFileType = image.png; path = "Linizio Lungo.png"; sourceTree = "<group>"; };
		4BE073761C36F7BE00CFDCC9 /* Vivalto Lungo.png */ = {isa = PBXFileReference; lastKnownFileType = image.png; path = "Vivalto Lungo.png"; sourceTree = "<group>"; };
		4BE0737A1C36F7C800CFDCC9 /* Decaffeinato Arpeggio.png */ = {isa = PBXFileReference; lastKnownFileType = image.png; path = "Decaffeinato Arpeggio.png"; sourceTree = "<group>"; };
		4BE0737B1C36F7C800CFDCC9 /* Decaffeinato Intenso.png */ = {isa = PBXFileReference; lastKnownFileType = image.png; path = "Decaffeinato Intenso.png"; sourceTree = "<group>"; };
		4BE0737C1C36F7C800CFDCC9 /* Decaffeinato Vivalto Lungo.png */ = {isa = PBXFileReference; lastKnownFileType = image.png; path = "Decaffeinato Vivalto Lungo.png"; sourceTree = "<group>"; };
		4BE0737D1C36F7C800CFDCC9 /* Decaffeinato Volluto.png */ = {isa = PBXFileReference; lastKnownFileType = image.png; path = "Decaffeinato Volluto.png"; sourceTree = "<group>"; };
		4BE073821C36F7D800CFDCC9 /* Caramelito.png */ = {isa = PBXFileReference; lastKnownFileType = image.png; path = Caramelito.png; sourceTree = "<group>"; };
		4BE073831C36F7D800CFDCC9 /* Ciocattino.png */ = {isa = PBXFileReference; lastKnownFileType = image.png; path = Ciocattino.png; sourceTree = "<group>"; };
		4BE073841C36F7D800CFDCC9 /* Vanilio.png */ = {isa = PBXFileReference; lastKnownFileType = image.png; path = Vanilio.png; sourceTree = "<group>"; };
		4BE0738C1C37E68500CFDCC9 /* UIPickerViewController.swift */ = {isa = PBXFileReference; fileEncoding = 4; lastKnownFileType = sourcecode.swift; path = UIPickerViewController.swift; sourceTree = "<group>"; };
/* End PBXFileReference section */

/* Begin PBXFrameworksBuildPhase section */
		4BB132B41C314A8A0040C5B6 /* Frameworks */ = {
			isa = PBXFrameworksBuildPhase;
			buildActionMask = 2147483647;
			files = (
			);
			runOnlyForDeploymentPostprocessing = 0;
		};
		4BB132C81C314A8B0040C5B6 /* Frameworks */ = {
			isa = PBXFrameworksBuildPhase;
			buildActionMask = 2147483647;
			files = (
			);
			runOnlyForDeploymentPostprocessing = 0;
		};
		4BB132D31C314A8B0040C5B6 /* Frameworks */ = {
			isa = PBXFrameworksBuildPhase;
			buildActionMask = 2147483647;
			files = (
			);
			runOnlyForDeploymentPostprocessing = 0;
		};
/* End PBXFrameworksBuildPhase section */

/* Begin PBXGroup section */
		4BB132AE1C314A8A0040C5B6 = {
			isa = PBXGroup;
			children = (
				4BB132B91C314A8A0040C5B6 /* Coffee Companion */,
				4BB132CE1C314A8B0040C5B6 /* Coffee CompanionTests */,
				4BB132D91C314A8B0040C5B6 /* Coffee CompanionUITests */,
				4BB132B81C314A8A0040C5B6 /* Products */,
			);
			sourceTree = "<group>";
		};
		4BB132B81C314A8A0040C5B6 /* Products */ = {
			isa = PBXGroup;
			children = (
				4BB132B71C314A8A0040C5B6 /* Coffee Companion.app */,
				4BB132CB1C314A8B0040C5B6 /* Coffee CompanionTests.xctest */,
				4BB132D61C314A8B0040C5B6 /* Coffee CompanionUITests.xctest */,
			);
			name = Products;
			sourceTree = "<group>";
		};
		4BB132B91C314A8A0040C5B6 /* Coffee Companion */ = {
			isa = PBXGroup;
			children = (
				4BB132BA1C314A8A0040C5B6 /* AppDelegate.swift */,
				4BB132E81C32D1BC0040C5B6 /* Model.swift */,
				4B889E771C4AB2C900587BAA /* Coffee_Companion.xcdatamodeld */,
				4BB132BC1C314A8A0040C5B6 /* ViewController.swift */,
				4BE0738C1C37E68500CFDCC9 /* UIPickerViewController.swift */,
				4BB132BE1C314A8A0040C5B6 /* Main.storyboard */,
				4BB132C11C314A8A0040C5B6 /* Assets.xcassets */,
				4BB132C31C314A8A0040C5B6 /* LaunchScreen.storyboard */,
				4BB132C61C314A8A0040C5B6 /* Info.plist */,
				4BB132EE1C32F0EC0040C5B6 /* Supporting Files */,
			);
			path = "Coffee Companion";
			sourceTree = "<group>";
		};
		4BB132CE1C314A8B0040C5B6 /* Coffee CompanionTests */ = {
			isa = PBXGroup;
			children = (
				4BB132CF1C314A8B0040C5B6 /* Coffee_CompanionTests.swift */,
				4BB132D11C314A8B0040C5B6 /* Info.plist */,
			);
			path = "Coffee CompanionTests";
			sourceTree = "<group>";
		};
		4BB132D91C314A8B0040C5B6 /* Coffee CompanionUITests */ = {
			isa = PBXGroup;
			children = (
				4BB132DA1C314A8B0040C5B6 /* Coffee_CompanionUITests.swift */,
				4BB132DC1C314A8B0040C5B6 /* Info.plist */,
			);
			path = "Coffee CompanionUITests";
			sourceTree = "<group>";
		};
		4BB132EE1C32F0EC0040C5B6 /* Supporting Files */ = {
			isa = PBXGroup;
			children = (
				4BE073591C36F72F00CFDCC9 /* Variations */,
				4BE073581C36F72700CFDCC9 /* Decaffeinato */,
				4BE073571C36F71F00CFDCC9 /* Lungo */,
				4BE073561C36F71600CFDCC9 /* Pure Origin */,
				4BE073551C36F70F00CFDCC9 /* Espresso */,
				4BE073541C36F6F500CFDCC9 /* Intenso */,
			);
			name = "Supporting Files";
			sourceTree = "<group>";
		};
		4BE073541C36F6F500CFDCC9 /* Intenso */ = {
			isa = PBXGroup;
			children = (
				4BE0735A1C36F78C00CFDCC9 /* Arpeggio.png */,
				4BE0735B1C36F78C00CFDCC9 /* Dharkan.png */,
				4BE0735C1C36F78C00CFDCC9 /* Kazaar.png */,
				4BE0735D1C36F78C00CFDCC9 /* Ristretto.png */,
				4BE0735E1C36F78C00CFDCC9 /* Roma.png */,
			);
			name = Intenso;
			sourceTree = "<group>";
		};
		4BE073551C36F70F00CFDCC9 /* Espresso */ = {
			isa = PBXGroup;
			children = (
				4BE073641C36F7A500CFDCC9 /* Capriccio.png */,
				4BE073651C36F7A500CFDCC9 /* Cosi.png */,
				4BE073661C36F7A500CFDCC9 /* Livanto.png */,
				4BE073671C36F7A500CFDCC9 /* Volluto.png */,
			);
			name = Espresso;
			sourceTree = "<group>";
		};
		4BE073561C36F71600CFDCC9 /* Pure Origin */ = {
			isa = PBXGroup;
			children = (
				4BE0736C1C36F7B400CFDCC9 /* Bukeela ka Ethiopia.png */,
				4BE0736D1C36F7B400CFDCC9 /* Dulsao do Brasil.png */,
				4BE0736E1C36F7B400CFDCC9 /* Indriya from India.png */,
				4BE0736F1C36F7B400CFDCC9 /* Rosabaya de Colombia.png */,
			);
			name = "Pure Origin";
			sourceTree = "<group>";
		};
		4BE073571C36F71F00CFDCC9 /* Lungo */ = {
			isa = PBXGroup;
			children = (
				4BE073741C36F7BE00CFDCC9 /* Fortissio Lungo.png */,
				4BE073751C36F7BE00CFDCC9 /* Linizio Lungo.png */,
				4BE073761C36F7BE00CFDCC9 /* Vivalto Lungo.png */,
			);
			name = Lungo;
			sourceTree = "<group>";
		};
		4BE073581C36F72700CFDCC9 /* Decaffeinato */ = {
			isa = PBXGroup;
			children = (
				4BE0737A1C36F7C800CFDCC9 /* Decaffeinato Arpeggio.png */,
				4BE0737B1C36F7C800CFDCC9 /* Decaffeinato Intenso.png */,
				4BE0737C1C36F7C800CFDCC9 /* Decaffeinato Vivalto Lungo.png */,
				4BE0737D1C36F7C800CFDCC9 /* Decaffeinato Volluto.png */,
			);
			name = Decaffeinato;
			sourceTree = "<group>";
		};
		4BE073591C36F72F00CFDCC9 /* Variations */ = {
			isa = PBXGroup;
			children = (
				4BE073821C36F7D800CFDCC9 /* Caramelito.png */,
				4BE073831C36F7D800CFDCC9 /* Ciocattino.png */,
				4BE073841C36F7D800CFDCC9 /* Vanilio.png */,
			);
			name = Variations;
			sourceTree = "<group>";
		};
/* End PBXGroup section */

/* Begin PBXNativeTarget section */
		4BB132B61C314A8A0040C5B6 /* Coffee Companion */ = {
			isa = PBXNativeTarget;
			buildConfigurationList = 4BB132DF1C314A8B0040C5B6 /* Build configuration list for PBXNativeTarget "Coffee Companion" */;
			buildPhases = (
				4BB132B31C314A8A0040C5B6 /* Sources */,
				4BB132B41C314A8A0040C5B6 /* Frameworks */,
				4BB132B51C314A8A0040C5B6 /* Resources */,
			);
			buildRules = (
			);
			dependencies = (
			);
			name = "Coffee Companion";
			productName = "Coffee Companion";
			productReference = 4BB132B71C314A8A0040C5B6 /* Coffee Companion.app */;
			productType = "com.apple.product-type.application";
		};
		4BB132CA1C314A8B0040C5B6 /* Coffee CompanionTests */ = {
			isa = PBXNativeTarget;
			buildConfigurationList = 4BB132E21C314A8B0040C5B6 /* Build configuration list for PBXNativeTarget "Coffee CompanionTests" */;
			buildPhases = (
				4BB132C71C314A8B0040C5B6 /* Sources */,
				4BB132C81C314A8B0040C5B6 /* Frameworks */,
				4BB132C91C314A8B0040C5B6 /* Resources */,
			);
			buildRules = (
			);
			dependencies = (
				4BB132CD1C314A8B0040C5B6 /* PBXTargetDependency */,
			);
			name = "Coffee CompanionTests";
			productName = "Coffee CompanionTests";
			productReference = 4BB132CB1C314A8B0040C5B6 /* Coffee CompanionTests.xctest */;
			productType = "com.apple.product-type.bundle.unit-test";
		};
		4BB132D51C314A8B0040C5B6 /* Coffee CompanionUITests */ = {
			isa = PBXNativeTarget;
			buildConfigurationList = 4BB132E51C314A8B0040C5B6 /* Build configuration list for PBXNativeTarget "Coffee CompanionUITests" */;
			buildPhases = (
				4BB132D21C314A8B0040C5B6 /* Sources */,
				4BB132D31C314A8B0040C5B6 /* Frameworks */,
				4BB132D41C314A8B0040C5B6 /* Resources */,
			);
			buildRules = (
			);
			dependencies = (
				4BB132D81C314A8B0040C5B6 /* PBXTargetDependency */,
			);
			name = "Coffee CompanionUITests";
			productName = "Coffee CompanionUITests";
			productReference = 4BB132D61C314A8B0040C5B6 /* Coffee CompanionUITests.xctest */;
			productType = "com.apple.product-type.bundle.ui-testing";
		};
/* End PBXNativeTarget section */

/* Begin PBXProject section */
		4BB132AF1C314A8A0040C5B6 /* Project object */ = {
			isa = PBXProject;
			attributes = {
				LastSwiftUpdateCheck = 0720;
				LastUpgradeCheck = 0720;
				ORGANIZATIONNAME = "Matthew Gaddes";
				TargetAttributes = {
					4BB132B61C314A8A0040C5B6 = {
						CreatedOnToolsVersion = 7.2;
						DevelopmentTeam = 8656ZN249D;
					};
					4BB132CA1C314A8B0040C5B6 = {
						CreatedOnToolsVersion = 7.2;
						DevelopmentTeam = 8656ZN249D;
						TestTargetID = 4BB132B61C314A8A0040C5B6;
					};
					4BB132D51C314A8B0040C5B6 = {
						CreatedOnToolsVersion = 7.2;
						DevelopmentTeam = 8656ZN249D;
						TestTargetID = 4BB132B61C314A8A0040C5B6;
					};
				};
			};
			buildConfigurationList = 4BB132B21C314A8A0040C5B6 /* Build configuration list for PBXProject "Coffee Companion" */;
			compatibilityVersion = "Xcode 3.2";
			developmentRegion = English;
			hasScannedForEncodings = 0;
			knownRegions = (
				en,
				Base,
			);
			mainGroup = 4BB132AE1C314A8A0040C5B6;
			productRefGroup = 4BB132B81C314A8A0040C5B6 /* Products */;
			projectDirPath = "";
			projectRoot = "";
			targets = (
				4BB132B61C314A8A0040C5B6 /* Coffee Companion */,
				4BB132CA1C314A8B0040C5B6 /* Coffee CompanionTests */,
				4BB132D51C314A8B0040C5B6 /* Coffee CompanionUITests */,
			);
		};
/* End PBXProject section */

/* Begin PBXResourcesBuildPhase section */
		4BB132B51C314A8A0040C5B6 /* Resources */ = {
			isa = PBXResourcesBuildPhase;
			buildActionMask = 2147483647;
			files = (
				4BE073601C36F78C00CFDCC9 /* Dharkan.png in Resources */,
				4BE073681C36F7A500CFDCC9 /* Capriccio.png in Resources */,
				4BB132C51C314A8A0040C5B6 /* LaunchScreen.storyboard in Resources */,
				4BE073771C36F7BE00CFDCC9 /* Fortissio Lungo.png in Resources */,
				4BE073701C36F7B400CFDCC9 /* Bukeela ka Ethiopia.png in Resources */,
				4BE073721C36F7B400CFDCC9 /* Indriya from India.png in Resources */,
				4BE0736B1C36F7A500CFDCC9 /* Volluto.png in Resources */,
				4BE0736A1C36F7A500CFDCC9 /* Livanto.png in Resources */,
				4BE073801C36F7C800CFDCC9 /* Decaffeinato Vivalto Lungo.png in Resources */,
				4BE073631C36F78C00CFDCC9 /* Roma.png in Resources */,
				4BE073871C36F7D800CFDCC9 /* Vanilio.png in Resources */,
				4BE0735F1C36F78C00CFDCC9 /* Arpeggio.png in Resources */,
				4BB132C21C314A8A0040C5B6 /* Assets.xcassets in Resources */,
				4BB132C01C314A8A0040C5B6 /* Main.storyboard in Resources */,
				4BE073691C36F7A500CFDCC9 /* Cosi.png in Resources */,
				4BE073731C36F7B400CFDCC9 /* Rosabaya de Colombia.png in Resources */,
				4BE073611C36F78C00CFDCC9 /* Kazaar.png in Resources */,
				4BE0737E1C36F7C800CFDCC9 /* Decaffeinato Arpeggio.png in Resources */,
				4BE073621C36F78C00CFDCC9 /* Ristretto.png in Resources */,
				4BE073851C36F7D800CFDCC9 /* Caramelito.png in Resources */,
				4BE073711C36F7B400CFDCC9 /* Dulsao do Brasil.png in Resources */,
				4BE073811C36F7C800CFDCC9 /* Decaffeinato Volluto.png in Resources */,
				4BE073781C36F7BE00CFDCC9 /* Linizio Lungo.png in Resources */,
				4BE0737F1C36F7C800CFDCC9 /* Decaffeinato Intenso.png in Resources */,
				4BE073861C36F7D800CFDCC9 /* Ciocattino.png in Resources */,
				4BE073791C36F7BE00CFDCC9 /* Vivalto Lungo.png in Resources */,
			);
			runOnlyForDeploymentPostprocessing = 0;
		};
		4BB132C91C314A8B0040C5B6 /* Resources */ = {
			isa = PBXResourcesBuildPhase;
			buildActionMask = 2147483647;
			files = (
			);
			runOnlyForDeploymentPostprocessing = 0;
		};
		4BB132D41C314A8B0040C5B6 /* Resources */ = {
			isa = PBXResourcesBuildPhase;
			buildActionMask = 2147483647;
			files = (
			);
			runOnlyForDeploymentPostprocessing = 0;
		};
/* End PBXResourcesBuildPhase section */

/* Begin PBXSourcesBuildPhase section */
		4BB132B31C314A8A0040C5B6 /* Sources */ = {
			isa = PBXSourcesBuildPhase;
			buildActionMask = 2147483647;
			files = (
				4BB132E91C32D1BC0040C5B6 /* Model.swift in Sources */,
				4BB132BD1C314A8A0040C5B6 /* ViewController.swift in Sources */,
				4B889E791C4AB2C900587BAA /* Coffee_Companion.xcdatamodeld in Sources */,
				4BE0738D1C37E68500CFDCC9 /* UIPickerViewController.swift in Sources */,
				4BB132BB1C314A8A0040C5B6 /* AppDelegate.swift in Sources */,
			);
			runOnlyForDeploymentPostprocessing = 0;
		};
		4BB132C71C314A8B0040C5B6 /* Sources */ = {
			isa = PBXSourcesBuildPhase;
			buildActionMask = 2147483647;
			files = (
				4BB132D01C314A8B0040C5B6 /* Coffee_CompanionTests.swift in Sources */,
			);
			runOnlyForDeploymentPostprocessing = 0;
		};
		4BB132D21C314A8B0040C5B6 /* Sources */ = {
			isa = PBXSourcesBuildPhase;
			buildActionMask = 2147483647;
			files = (
				4BB132DB1C314A8B0040C5B6 /* Coffee_CompanionUITests.swift in Sources */,
			);
			runOnlyForDeploymentPostprocessing = 0;
		};
/* End PBXSourcesBuildPhase section */

/* Begin PBXTargetDependency section */
		4BB132CD1C314A8B0040C5B6 /* PBXTargetDependency */ = {
			isa = PBXTargetDependency;
			target = 4BB132B61C314A8A0040C5B6 /* Coffee Companion */;
			targetProxy = 4BB132CC1C314A8B0040C5B6 /* PBXContainerItemProxy */;
		};
		4BB132D81C314A8B0040C5B6 /* PBXTargetDependency */ = {
			isa = PBXTargetDependency;
			target = 4BB132B61C314A8A0040C5B6 /* Coffee Companion */;
			targetProxy = 4BB132D71C314A8B0040C5B6 /* PBXContainerItemProxy */;
		};
/* End PBXTargetDependency section */

/* Begin PBXVariantGroup section */
		4BB132BE1C314A8A0040C5B6 /* Main.storyboard */ = {
			isa = PBXVariantGroup;
			children = (
				4BB132BF1C314A8A0040C5B6 /* Base */,
			);
			name = Main.storyboard;
			sourceTree = "<group>";
		};
		4BB132C31C314A8A0040C5B6 /* LaunchScreen.storyboard */ = {
			isa = PBXVariantGroup;
			children = (
				4BB132C41C314A8A0040C5B6 /* Base */,
			);
			name = LaunchScreen.storyboard;
			sourceTree = "<group>";
		};
/* End PBXVariantGroup section */

/* Begin XCBuildConfiguration section */
		4BB132DD1C314A8B0040C5B6 /* Debug */ = {
			isa = XCBuildConfiguration;
			buildSettings = {
				ALWAYS_SEARCH_USER_PATHS = NO;
				CLANG_CXX_LANGUAGE_STANDARD = "gnu++0x";
				CLANG_CXX_LIBRARY = "libc++";
				CLANG_ENABLE_MODULES = YES;
				CLANG_ENABLE_OBJC_ARC = YES;
				CLANG_WARN_BOOL_CONVERSION = YES;
				CLANG_WARN_CONSTANT_CONVERSION = YES;
				CLANG_WARN_DIRECT_OBJC_ISA_USAGE = YES_ERROR;
				CLANG_WARN_EMPTY_BODY = YES;
				CLANG_WARN_ENUM_CONVERSION = YES;
				CLANG_WARN_INT_CONVERSION = YES;
				CLANG_WARN_OBJC_ROOT_CLASS = YES_ERROR;
				CLANG_WARN_UNREACHABLE_CODE = YES;
				CLANG_WARN__DUPLICATE_METHOD_MATCH = YES;
				"CODE_SIGN_IDENTITY[sdk=iphoneos*]" = "iPhone Developer";
				COPY_PHASE_STRIP = NO;
				DEBUG_INFORMATION_FORMAT = dwarf;
				ENABLE_STRICT_OBJC_MSGSEND = YES;
				ENABLE_TESTABILITY = YES;
				GCC_C_LANGUAGE_STANDARD = gnu99;
				GCC_DYNAMIC_NO_PIC = NO;
				GCC_NO_COMMON_BLOCKS = YES;
				GCC_OPTIMIZATION_LEVEL = 0;
				GCC_PREPROCESSOR_DEFINITIONS = (
					"DEBUG=1",
					"$(inherited)",
				);
				GCC_WARN_64_TO_32_BIT_CONVERSION = YES;
				GCC_WARN_ABOUT_RETURN_TYPE = YES_ERROR;
				GCC_WARN_UNDECLARED_SELECTOR = YES;
				GCC_WARN_UNINITIALIZED_AUTOS = YES_AGGRESSIVE;
				GCC_WARN_UNUSED_FUNCTION = YES;
				GCC_WARN_UNUSED_VARIABLE = YES;
				IPHONEOS_DEPLOYMENT_TARGET = 9.2;
				MTL_ENABLE_DEBUG_INFO = YES;
				ONLY_ACTIVE_ARCH = YES;
				SDKROOT = iphoneos;
				SWIFT_OPTIMIZATION_LEVEL = "-Onone";
				TARGETED_DEVICE_FAMILY = "1,2";
			};
			name = Debug;
		};
		4BB132DE1C314A8B0040C5B6 /* Release */ = {
			isa = XCBuildConfiguration;
			buildSettings = {
				ALWAYS_SEARCH_USER_PATHS = NO;
				CLANG_CXX_LANGUAGE_STANDARD = "gnu++0x";
				CLANG_CXX_LIBRARY = "libc++";
				CLANG_ENABLE_MODULES = YES;
				CLANG_ENABLE_OBJC_ARC = YES;
				CLANG_WARN_BOOL_CONVERSION = YES;
				CLANG_WARN_CONSTANT_CONVERSION = YES;
				CLANG_WARN_DIRECT_OBJC_ISA_USAGE = YES_ERROR;
				CLANG_WARN_EMPTY_BODY = YES;
				CLANG_WARN_ENUM_CONVERSION = YES;
				CLANG_WARN_INT_CONVERSION = YES;
				CLANG_WARN_OBJC_ROOT_CLASS = YES_ERROR;
				CLANG_WARN_UNREACHABLE_CODE = YES;
				CLANG_WARN__DUPLICATE_METHOD_MATCH = YES;
				"CODE_SIGN_IDENTITY[sdk=iphoneos*]" = "iPhone Developer";
				COPY_PHASE_STRIP = NO;
				DEBUG_INFORMATION_FORMAT = "dwarf-with-dsym";
				ENABLE_NS_ASSERTIONS = NO;
				ENABLE_STRICT_OBJC_MSGSEND = YES;
				GCC_C_LANGUAGE_STANDARD = gnu99;
				GCC_NO_COMMON_BLOCKS = YES;
				GCC_WARN_64_TO_32_BIT_CONVERSION = YES;
				GCC_WARN_ABOUT_RETURN_TYPE = YES_ERROR;
				GCC_WARN_UNDECLARED_SELECTOR = YES;
				GCC_WARN_UNINITIALIZED_AUTOS = YES_AGGRESSIVE;
				GCC_WARN_UNUSED_FUNCTION = YES;
				GCC_WARN_UNUSED_VARIABLE = YES;
				IPHONEOS_DEPLOYMENT_TARGET = 9.2;
				MTL_ENABLE_DEBUG_INFO = NO;
				SDKROOT = iphoneos;
				TARGETED_DEVICE_FAMILY = "1,2";
				VALIDATE_PRODUCT = YES;
			};
			name = Release;
		};
		4BB132E01C314A8B0040C5B6 /* Debug */ = {
			isa = XCBuildConfiguration;
			buildSettings = {
				ASSETCATALOG_COMPILER_APPICON_NAME = AppIcon;
				INFOPLIST_FILE = "Coffee Companion/Info.plist";
				LD_RUNPATH_SEARCH_PATHS = "$(inherited) @executable_path/Frameworks";
				PRODUCT_BUNDLE_IDENTIFIER = "Me.Coffee-Companion";
				PRODUCT_NAME = "$(TARGET_NAME)";
			};
			name = Debug;
		};
		4BB132E11C314A8B0040C5B6 /* Release */ = {
			isa = XCBuildConfiguration;
			buildSettings = {
				ASSETCATALOG_COMPILER_APPICON_NAME = AppIcon;
				INFOPLIST_FILE = "Coffee Companion/Info.plist";
				LD_RUNPATH_SEARCH_PATHS = "$(inherited) @executable_path/Frameworks";
				PRODUCT_BUNDLE_IDENTIFIER = "Me.Coffee-Companion";
				PRODUCT_NAME = "$(TARGET_NAME)";
			};
			name = Release;
		};
		4BB132E31C314A8B0040C5B6 /* Debug */ = {
			isa = XCBuildConfiguration;
			buildSettings = {
				BUNDLE_LOADER = "$(TEST_HOST)";
				INFOPLIST_FILE = "Coffee CompanionTests/Info.plist";
				LD_RUNPATH_SEARCH_PATHS = "$(inherited) @executable_path/Frameworks @loader_path/Frameworks";
				PRODUCT_BUNDLE_IDENTIFIER = "Me.Coffee-CompanionTests";
				PRODUCT_NAME = "$(TARGET_NAME)";
				TEST_HOST = "$(BUILT_PRODUCTS_DIR)/Coffee Companion.app/Coffee Companion";
			};
			name = Debug;
		};
		4BB132E41C314A8B0040C5B6 /* Release */ = {
			isa = XCBuildConfiguration;
			buildSettings = {
				BUNDLE_LOADER = "$(TEST_HOST)";
				INFOPLIST_FILE = "Coffee CompanionTests/Info.plist";
				LD_RUNPATH_SEARCH_PATHS = "$(inherited) @executable_path/Frameworks @loader_path/Frameworks";
				PRODUCT_BUNDLE_IDENTIFIER = "Me.Coffee-CompanionTests";
				PRODUCT_NAME = "$(TARGET_NAME)";
				TEST_HOST = "$(BUILT_PRODUCTS_DIR)/Coffee Companion.app/Coffee Companion";
			};
			name = Release;
		};
		4BB132E61C314A8B0040C5B6 /* Debug */ = {
			isa = XCBuildConfiguration;
			buildSettings = {
				INFOPLIST_FILE = "Coffee CompanionUITests/Info.plist";
				LD_RUNPATH_SEARCH_PATHS = "$(inherited) @executable_path/Frameworks @loader_path/Frameworks";
				PRODUCT_BUNDLE_IDENTIFIER = "Me.Coffee-CompanionUITests";
				PRODUCT_NAME = "$(TARGET_NAME)";
				TEST_TARGET_NAME = "Coffee Companion";
				USES_XCTRUNNER = YES;
			};
			name = Debug;
		};
		4BB132E71C314A8B0040C5B6 /* Release */ = {
			isa = XCBuildConfiguration;
			buildSettings = {
				INFOPLIST_FILE = "Coffee CompanionUITests/Info.plist";
				LD_RUNPATH_SEARCH_PATHS = "$(inherited) @executable_path/Frameworks @loader_path/Frameworks";
				PRODUCT_BUNDLE_IDENTIFIER = "Me.Coffee-CompanionUITests";
				PRODUCT_NAME = "$(TARGET_NAME)";
				TEST_TARGET_NAME = "Coffee Companion";
				USES_XCTRUNNER = YES;
			};
			name = Release;
		};
/* End XCBuildConfiguration section */

/* Begin XCConfigurationList section */
		4BB132B21C314A8A0040C5B6 /* Build configuration list for PBXProject "Coffee Companion" */ = {
			isa = XCConfigurationList;
			buildConfigurations = (
				4BB132DD1C314A8B0040C5B6 /* Debug */,
				4BB132DE1C314A8B0040C5B6 /* Release */,
			);
			defaultConfigurationIsVisible = 0;
			defaultConfigurationName = Release;
		};
		4BB132DF1C314A8B0040C5B6 /* Build configuration list for PBXNativeTarget "Coffee Companion" */ = {
			isa = XCConfigurationList;
			buildConfigurations = (
				4BB132E01C314A8B0040C5B6 /* Debug */,
				4BB132E11C314A8B0040C5B6 /* Release */,
			);
			defaultConfigurationIsVisible = 0;
			defaultConfigurationName = Release;
		};
		4BB132E21C314A8B0040C5B6 /* Build configuration list for PBXNativeTarget "Coffee CompanionTests" */ = {
			isa = XCConfigurationList;
			buildConfigurations = (
				4BB132E31C314A8B0040C5B6 /* Debug */,
				4BB132E41C314A8B0040C5B6 /* Release */,
			);
			defaultConfigurationIsVisible = 0;
			defaultConfigurationName = Release;
		};
		4BB132E51C314A8B0040C5B6 /* Build configuration list for PBXNativeTarget "Coffee CompanionUITests" */ = {
			isa = XCConfigurationList;
			buildConfigurations = (
				4BB132E61C314A8B0040C5B6 /* Debug */,
				4BB132E71C314A8B0040C5B6 /* Release */,
			);
			defaultConfigurationIsVisible = 0;
			defaultConfigurationName = Release;
		};
/* End XCConfigurationList section */

/* Begin XCVersionGroup section */
		4B889E771C4AB2C900587BAA /* Coffee_Companion.xcdatamodeld */ = {
			isa = XCVersionGroup;
			children = (
				4B889E781C4AB2C900587BAA /* Coffee_Companion.xcdatamodel */,
			);
			currentVersion = 4B889E781C4AB2C900587BAA /* Coffee_Companion.xcdatamodel */;
			path = Coffee_Companion.xcdatamodeld;
			sourceTree = "<group>";
			versionGroupType = wrapper.xcdatamodel;
		};
/* End XCVersionGroup section */
	};
	rootObject = 4BB132AF1C314A8A0040C5B6 /* Project object */;
}
